
Microsoft Visual Studio Solution File, Format Version 12.00
# Visual Studio 15
VisualStudioVersion = 15.0.26430.14
MinimumVisualStudioVersion = 10.0.40219.1
Project("{FAE04EC0-301F-11D3-BF4B-00C04F79EFBC}") = "OverCR.StatX", "OverCR.StatX\OverCR.StatX.csproj", "{24E9A656-80B1-47C7-AFF3-6F099F12804A}"
EndProject
Project("{FAE04EC0-301F-11D3-BF4B-00C04F79EFBC}") = "OverCR.StatX.Hooks", "OverCR.StatX.Hooks\OverCR.StatX.Hooks.csproj", "{F948C678-C492-462D-A8AA-C6D90A7F12A9}"
EndProject
Project("{FAE04EC0-301F-11D3-BF4B-00C04F79EFBC}") = "Atlas.UI", "Atlas.UI\Atlas.UI.csproj", "{8ACD4C64-2292-4596-8291-AD4CE356E647}"
EndProject
Global
	GlobalSection(SolutionConfigurationPlatforms) = preSolution
		Debug|Any CPU = Debug|Any CPU
		Release|Any CPU = Release|Any CPU
	EndGlobalSection
	GlobalSection(ProjectConfigurationPlatforms) = postSolution
		{24E9A656-80B1-47C7-AFF3-6F099F12804A}.Debug|Any CPU.ActiveCfg = Debug|Any CPU
		{24E9A656-80B1-47C7-AFF3-6F099F12804A}.Debug|Any CPU.Build.0 = Debug|Any CPU
		{24E9A656-80B1-47C7-AFF3-6F099F12804A}.Release|Any CPU.ActiveCfg = Release|Any CPU
		{24E9A656-80B1-47C7-AFF3-6F099F12804A}.Release|Any CPU.Build.0 = Release|Any CPU
		{F948C678-C492-462D-A8AA-C6D90A7F12A9}.Debug|Any CPU.ActiveCfg = Debug|Any CPU
		{F948C678-C492-462D-A8AA-C6D90A7F12A9}.Debug|Any CPU.Build.0 = Debug|Any CPU
		{F948C678-C492-462D-A8AA-C6D90A7F12A9}.Release|Any CPU.ActiveCfg = Release|Any CPU
		{F948C678-C492-462D-A8AA-C6D90A7F12A9}.Release|Any CPU.Build.0 = Release|Any CPU
		{8ACD4C64-2292-4596-8291-AD4CE356E647}.Debug|Any CPU.ActiveCfg = Debug|Any CPU
		{8ACD4C64-2292-4596-8291-AD4CE356E647}.Debug|Any CPU.Build.0 = Debug|Any CPU
		{8ACD4C64-2292-4596-8291-AD4CE356E647}.Release|Any CPU.ActiveCfg = Release|Any CPU
		{8ACD4C64-2292-4596-8291-AD4CE356E647}.Release|Any CPU.Build.0 = Release|Any CPU
	EndGlobalSection
	GlobalSection(SolutionProperties) = preSolution
		HideSolutionNode = FALSE
	EndGlobalSection
	GlobalSection(ExtensibilityGlobals) = postSolution
		SolutionGuid = {D6C10301-498F-40DF-9BD3-A97BD3FFF21E}
	EndGlobalSection
EndGlobal
